
Microsoft Visual Studio Solution File, Format Version 12.00
# Visual Studio Version 17
VisualStudioVersion = 17.0.31919.166
MinimumVisualStudioVersion = 10.0.40219.1
Project("{9A19103F-16F7-4668-BE54-9A1E7A4F7556}") = "StoreShop.Presentation", "StoreShop.Presentation\StoreShop.Presentation.csproj", "{B7FAE078-D0C5-4DE6-B100-3B75D4196DEA}"
EndProject
Project("{9A19103F-16F7-4668-BE54-9A1E7A4F7556}") = "StoreShop.Data", "StoreShop.Data\StoreShop.Data.csproj", "{DBE19230-9CEB-44B6-8A1A-5F8589D3D7DA}"
EndProject
Project("{9A19103F-16F7-4668-BE54-9A1E7A4F7556}") = "StoreShop.DataAccess", "StoreShop.DataAccess\StoreShop.DataAccess.csproj", "{D9DC391D-1241-4120-8C41-E063CF6B7539}"
EndProject
Project("{9A19103F-16F7-4668-BE54-9A1E7A4F7556}") = "StoreShop.BusinessLogic", "StoreShop.BusinessLogic\StoreShop.BusinessLogic.csproj", "{F7DD5A9E-0E7C-4081-912D-C015785B640D}"
EndProject
Project("{9A19103F-16F7-4668-BE54-9A1E7A4F7556}") = "StoreShop.Repository", "StoreShop.Repository\StoreShop.Repository.csproj", "{14BA6BCD-A64E-45C2-B5EE-597A3C55861B}"
EndProject
Project("{9A19103F-16F7-4668-BE54-9A1E7A4F7556}") = "StoreShop.Storage", "StoreShop.Storage\StoreShop.Storage.csproj", "{6348437A-002E-43DE-93E9-768E6AF06531}"
EndProject
Project("{FAE04EC0-301F-11D3-BF4B-00C04F79EFBC}") = "StoreShop.Helper", "StoreShop.Helper\StoreShop.Helper.csproj", "{4A2FF12C-B45A-49D0-A242-13CD6B7A62E9}"
EndProject
Global
	GlobalSection(SolutionConfigurationPlatforms) = preSolution
		Debug|Any CPU = Debug|Any CPU
		Release|Any CPU = Release|Any CPU
	EndGlobalSection
	GlobalSection(ProjectConfigurationPlatforms) = postSolution
		{B7FAE078-D0C5-4DE6-B100-3B75D4196DEA}.Debug|Any CPU.ActiveCfg = Debug|Any CPU
		{B7FAE078-D0C5-4DE6-B100-3B75D4196DEA}.Debug|Any CPU.Build.0 = Debug|Any CPU
		{B7FAE078-D0C5-4DE6-B100-3B75D4196DEA}.Release|Any CPU.ActiveCfg = Release|Any CPU
		{B7FAE078-D0C5-4DE6-B100-3B75D4196DEA}.Release|Any CPU.Build.0 = Release|Any CPU
		{DBE19230-9CEB-44B6-8A1A-5F8589D3D7DA}.Debug|Any CPU.ActiveCfg = Debug|Any CPU
		{DBE19230-9CEB-44B6-8A1A-5F8589D3D7DA}.Debug|Any CPU.Build.0 = Debug|Any CPU
		{DBE19230-9CEB-44B6-8A1A-5F8589D3D7DA}.Release|Any CPU.ActiveCfg = Release|Any CPU
		{DBE19230-9CEB-44B6-8A1A-5F8589D3D7DA}.Release|Any CPU.Build.0 = Release|Any CPU
		{D9DC391D-1241-4120-8C41-E063CF6B7539}.Debug|Any CPU.ActiveCfg = Debug|Any CPU
		{D9DC391D-1241-4120-8C41-E063CF6B7539}.Debug|Any CPU.Build.0 = Debug|Any CPU
		{D9DC391D-1241-4120-8C41-E063CF6B7539}.Release|Any CPU.ActiveCfg = Release|Any CPU
		{D9DC391D-1241-4120-8C41-E063CF6B7539}.Release|Any CPU.Build.0 = Release|Any CPU
		{F7DD5A9E-0E7C-4081-912D-C015785B640D}.Debug|Any CPU.ActiveCfg = Debug|Any CPU
		{F7DD5A9E-0E7C-4081-912D-C015785B640D}.Debug|Any CPU.Build.0 = Debug|Any CPU
		{F7DD5A9E-0E7C-4081-912D-C015785B640D}.Release|Any CPU.ActiveCfg = Release|Any CPU
		{F7DD5A9E-0E7C-4081-912D-C015785B640D}.Release|Any CPU.Build.0 = Release|Any CPU
		{14BA6BCD-A64E-45C2-B5EE-597A3C55861B}.Debug|Any CPU.ActiveCfg = Debug|Any CPU
		{14BA6BCD-A64E-45C2-B5EE-597A3C55861B}.Debug|Any CPU.Build.0 = Debug|Any CPU
		{14BA6BCD-A64E-45C2-B5EE-597A3C55861B}.Release|Any CPU.ActiveCfg = Release|Any CPU
		{14BA6BCD-A64E-45C2-B5EE-597A3C55861B}.Release|Any CPU.Build.0 = Release|Any CPU
		{6348437A-002E-43DE-93E9-768E6AF06531}.Debug|Any CPU.ActiveCfg = Debug|Any CPU
		{6348437A-002E-43DE-93E9-768E6AF06531}.Debug|Any CPU.Build.0 = Debug|Any CPU
		{6348437A-002E-43DE-93E9-768E6AF06531}.Release|Any CPU.ActiveCfg = Release|Any CPU
		{6348437A-002E-43DE-93E9-768E6AF06531}.Release|Any CPU.Build.0 = Release|Any CPU
		{4A2FF12C-B45A-49D0-A242-13CD6B7A62E9}.Debug|Any CPU.ActiveCfg = Debug|Any CPU
		{4A2FF12C-B45A-49D0-A242-13CD6B7A62E9}.Debug|Any CPU.Build.0 = Debug|Any CPU
		{4A2FF12C-B45A-49D0-A242-13CD6B7A62E9}.Release|Any CPU.ActiveCfg = Release|Any CPU
		{4A2FF12C-B45A-49D0-A242-13CD6B7A62E9}.Release|Any CPU.Build.0 = Release|Any CPU
	EndGlobalSection
	GlobalSection(SolutionProperties) = preSolution
		HideSolutionNode = FALSE
	EndGlobalSection
	GlobalSection(ExtensibilityGlobals) = postSolution
		SolutionGuid = {D5DE0310-33A5-4200-B54E-69E6F9DE4378}
	EndGlobalSection
EndGlobal
